NeoBundleLock vim-markdown 409c37b205afa2f9d590e23de8171482d66770e2
NeoBundleLock vim-scala 80a16cf8dc9eea18980fbe34a6d6dd3e1b6df290
NeoBundleLock vim-easytags 075ffe9054dd71f8c2f26fe9cfa4fd5200e6af96
NeoBundleLock unite.vim a77df27ce9304da1b2e6060784fa14ec7dc87aed
NeoBundleLock vim-easymotion 2dc0025881c41a8fa37dd17524d6ec5c43b0232a
NeoBundleLock vim-airline 411ae84890793e59575036c6c0e6ee1ed9efa939
NeoBundleLock ctrlp.vim b5d3fe66a58a13d2ff8b6391f4387608496a030f
NeoBundleLock neosnippet-snippets a15cdc307a62d64c3510b4a1097a8bd174746894
NeoBundleLock julia-vim f68b890453f0a02194f4805a6c8d034d9b326652
NeoBundleLock tabular 60f25648814f0695eeb6c1040d97adca93c4e0bb
NeoBundleLock vim-javascript f8122fd1caca68b2592553e43dad45b3dc445a06
NeoBundleLock vim-jade f0ca7b562052a661b35dee50bcf31eeaf8558201
NeoBundleLock vim-multiple-cursors 35028be1f71953da9f2c28509bf6c5ebd1d31c28
NeoBundleLock vim-colorschemes 81c6dd7ce3169e5ad9ba92422ba6e1ce5b074e36
NeoBundleLock vim-addon-mw-utils 0c5612fa31ee434ba055e21c76f456244b3b5109
NeoBundleLock syntastic 4ff440ccbe4e89a6abb7568511c1a26afea3a013
NeoBundleLock vim-surround fa433e0b7330753688f715f3be5d10dc480f20e5
NeoBundleLock ack.vim 303bceff1c8ab1145d114083582b1aeac9de7a85
NeoBundleLock pig.vim 5b419d5be15382c8cee588ba373dc5efa6614586
NeoBundleLock python-mode 7c8b25aa39e2b7fbbb4d379d08ab5198f5c6c718
NeoBundleLock bufkill.vim 1beec8127b6b03ea931b8e9e973b65bb1e2d7cb0
NeoBundleLock vim-pandoc c99d15157f3bc82c2f2ea70ed7328b043dc4809d
NeoBundleLock neosnippet 811176b29b1a60a164c9878f8dcbe4a680ee32e5
NeoBundleLock sleepwalker-vim 4e012a1070cc063a4dac4a4cf9e36a70d20605c0
NeoBundleLock nerdtree f8fd2ecce20f5005e6313ce57d6d2a209890c946
NeoBundleLock vim-indent-guides eec1b629dc4cfa3986d20f21d4b4489732cd3f5a
NeoBundleLock vim-less 940a8defa0576385dee1ad177bab0b34738540aa
NeoBundleLock vim-golang e6d0c6a72a66af2674b96233c4747661e0f47a8c
NeoBundleLock MatlabFilesEdition 06c1e16a4dcfd1b8b1764e96482af4b063ca7c8a
NeoBundleLock vim-colors-solarized 528a59f26d12278698bb946f8fb82a63711eec21
NeoBundleLock tlib_vim 344a6d3d5cad0c2c6b922194b853ea28d1eef597
NeoBundleLock NeoBundle.vim 982d2cac0c0d26582653e6ee0e8cd891ecac5772
NeoBundleLock vim-pandoc-syntax cb30c048a2bc278d80e5ae662e2d6daeb300aa6b
NeoBundleLock gundo.vim 3975ac871565115e3769dc69c06bc88ddc1369af
NeoBundleLock neocomplete.vim ad27186136ef9b0cbee33ff9e94b251e6bb6f6eb
NeoBundleLock vim-misc 038faedc0767141dd4469978bc6575807fa3eb31
NeoBundleLock vimproc.vim eb2bc419dcac5ebf2db99794195e558f4ce204f8
